
Microsoft Visual Studio Solution File, Format Version 12.00
# Visual Studio Version 16
VisualStudioVersion = 16.0.29613.14
MinimumVisualStudioVersion = 10.0.40219.1
Project("{8BC9CEB8-8B4A-11D0-8D11-00A0C91BC942}") = "saigonlib", "saigonlib\saigonlib.vcxproj", "{AA637D03-099A-4918-82CD-79E485864C78}"
EndProject
Project("{8BC9CEB8-8B4A-11D0-8D11-00A0C91BC942}") = "test_saigonlib", "test_saigonlib\test_saigonlib.vcxproj", "{6A7E6BE7-4E0E-458B-BCA5-CB06C47FD0A7}"
EndProject
Global
	GlobalSection(SolutionConfigurationPlatforms) = preSolution
		Debug|x64 = Debug|x64
		Debug|x86 = Debug|x86
		Release|x64 = Release|x64
		Release|x86 = Release|x86
	EndGlobalSection
	GlobalSection(ProjectConfigurationPlatforms) = postSolution
		{AA637D03-099A-4918-82CD-79E485864C78}.Debug|x64.ActiveCfg = Debug|x64
		{AA637D03-099A-4918-82CD-79E485864C78}.Debug|x64.Build.0 = Debug|x64
		{AA637D03-099A-4918-82CD-79E485864C78}.Debug|x86.ActiveCfg = Debug|Win32
		{AA637D03-099A-4918-82CD-79E485864C78}.Debug|x86.Build.0 = Debug|Win32
		{AA637D03-099A-4918-82CD-79E485864C78}.Release|x64.ActiveCfg = Release|x64
		{AA637D03-099A-4918-82CD-79E485864C78}.Release|x64.Build.0 = Release|x64
		{AA637D03-099A-4918-82CD-79E485864C78}.Release|x86.ActiveCfg = Release|Win32
		{AA637D03-099A-4918-82CD-79E485864C78}.Release|x86.Build.0 = Release|Win32
		{6A7E6BE7-4E0E-458B-BCA5-CB06C47FD0A7}.Debug|x64.ActiveCfg = Debug|x64
		{6A7E6BE7-4E0E-458B-BCA5-CB06C47FD0A7}.Debug|x64.Build.0 = Debug|x64
		{6A7E6BE7-4E0E-458B-BCA5-CB06C47FD0A7}.Debug|x86.ActiveCfg = Debug|Win32
		{6A7E6BE7-4E0E-458B-BCA5-CB06C47FD0A7}.Debug|x86.Build.0 = Debug|Win32
		{6A7E6BE7-4E0E-458B-BCA5-CB06C47FD0A7}.Release|x64.ActiveCfg = Release|x64
		{6A7E6BE7-4E0E-458B-BCA5-CB06C47FD0A7}.Release|x64.Build.0 = Release|x64
		{6A7E6BE7-4E0E-458B-BCA5-CB06C47FD0A7}.Release|x86.ActiveCfg = Release|Win32
		{6A7E6BE7-4E0E-458B-BCA5-CB06C47FD0A7}.Release|x86.Build.0 = Release|Win32
	EndGlobalSection
	GlobalSection(SolutionProperties) = preSolution
		HideSolutionNode = FALSE
	EndGlobalSection
	GlobalSection(ExtensibilityGlobals) = postSolution
		SolutionGuid = {87423BD4-1BED-4E00-B824-8E87D94E7ADC}
	EndGlobalSection
EndGlobal
