<?xml version="1.0" encoding="utf-8"?>
<Project ToolsVersion="4.0" xmlns="http://schemas.microsoft.com/developer/msbuild/2003">
  <ItemGroup>
    <Filter Include="Source Files">
      <UniqueIdentifier>{4FC737F1-C7A5-4376-A066-2A32D752A2FF}</UniqueIdentifier>
      <Extensions>cpp;c;cc;cxx;def;odl;idl;hpj;bat;asm;asmx</Extensions>
    </Filter>
    <Filter Include="Header Files">
      <UniqueIdentifier>{93995380-89BD-4b04-88EB-625FBE52EBFB}</UniqueIdentifier>
      <Extensions>h;hh;hpp;hxx;hm;inl;inc;ipp;xsd</Extensions>
    </Filter>
    <Filter Include="Resource Files">
      <UniqueIdentifier>{67DA6AB6-F800-4c08-8B7A-83BB121AAD01}</UniqueIdentifier>
      <Extensions>rc;ico;cur;bmp;dlg;rc2;rct;bin;rgs;gif;jpg;jpeg;jpe;resx;tiff;tif;png;wav;mfcribbon-ms</Extensions>
    </Filter>
    <Filter Include="Windows">
      <UniqueIdentifier>{38cc6919-8646-4591-83e8-7ce08c1c23c8}</UniqueIdentifier>
    </Filter>
    <Filter Include="3rd_party">
      <UniqueIdentifier>{1c2d3571-c276-4f73-9bbf-18a5fa6e6b5c}</UniqueIdentifier>
    </Filter>
    <Filter Include="3rd_party\fmt">
      <UniqueIdentifier>{d4dc139a-afc3-4631-abf3-b9b535614f16}</UniqueIdentifier>
    </Filter>
    <Filter Include="logger">
      <UniqueIdentifier>{602ce41c-b18e-4a09-bc6f-7eae5eab6ba8}</UniqueIdentifier>
    </Filter>
  </ItemGroup>
  <ItemGroup>
    <ClInclude Include="stdafx.h">
      <Filter>Header Files</Filter>
    </ClInclude>
    <ClInclude Include="targetver.h">
      <Filter>Header Files</Filter>
    </ClInclude>
    <ClInclude Include="include\task.h">
      <Filter>Header Files</Filter>
    </ClInclude>
    <ClInclude Include="include\task_timer.h">
      <Filter>Header Files</Filter>
    </ClInclude>
    <ClInclude Include="include\string_utils.h">
      <Filter>Header Files</Filter>
    </ClInclude>
    <ClInclude Include="include\path_utils.h">
      <Filter>Header Files</Filter>
    </ClInclude>
    <ClInclude Include="include\windows\file_api.h">
      <Filter>Windows</Filter>
    </ClInclude>
    <ClInclude Include="include\windows\string_api.h">
      <Filter>Windows</Filter>
    </ClInclude>
    <ClInclude Include="include\windows\minidump.h">
      <Filter>Windows</Filter>
    </ClInclude>
    <ClInclude Include="include\define.h">
      <Filter>Header Files</Filter>
    </ClInclude>
    <ClInclude Include="include\logger.h">
      <Filter>logger</Filter>
    </ClInclude>
    <ClInclude Include="include\logger_define.h">
      <Filter>logger</Filter>
    </ClInclude>
  </ItemGroup>
  <ItemGroup>
    <ClCompile Include="stdafx.cpp">
      <Filter>Source Files</Filter>
    </ClCompile>
    <ClCompile Include="source\task.cpp">
      <Filter>Source Files</Filter>
    </ClCompile>
    <ClCompile Include="source\task_timer.cpp">
      <Filter>Source Files</Filter>
    </ClCompile>
    <ClCompile Include="source\string_utils.cpp">
      <Filter>Source Files</Filter>
    </ClCompile>
    <ClCompile Include="source\path_utils.cpp">
      <Filter>Source Files</Filter>
    </ClCompile>
    <ClCompile Include="3rd_party\fmtlib\src\format.cc">
      <Filter>3rd_party\fmt</Filter>
    </ClCompile>
    <ClCompile Include="3rd_party\fmtlib\src\os.cc">
      <Filter>3rd_party\fmt</Filter>
    </ClCompile>
    <ClCompile Include="source\windows\file_api.cpp">
      <Filter>Windows</Filter>
    </ClCompile>
    <ClCompile Include="source\windows\string_api.cpp">
      <Filter>Windows</Filter>
    </ClCompile>
    <ClCompile Include="source\windows\minidump.cpp">
      <Filter>Windows</Filter>
    </ClCompile>
    <ClCompile Include="source\logger.cpp">
      <Filter>logger</Filter>
    </ClCompile>
  </ItemGroup>
</Project>